// !$*UTF8*$!
{
	archiveVersion = 1;
	classes = {
	};
	objectVersion = 46;
	objects = {

/* Begin PBXBuildFile section */
		10EFADC106153899887FE778 /* Pods_MockingjaySampleTests.framework in Frameworks */ = {isa = PBXBuildFile; fileRef = C89EDF2D9E5716C57359997E /* Pods_MockingjaySampleTests.framework */; };
		2CD479C91C536CC600839DC7 /* AppDelegate.swift in Sources */ = {isa = PBXBuildFile; fileRef = 2CD479C81C536CC600839DC7 /* AppDelegate.swift */; };
		2CD479CB1C536CC600839DC7 /* ViewController.swift in Sources */ = {isa = PBXBuildFile; fileRef = 2CD479CA1C536CC600839DC7 /* ViewController.swift */; };
		2CD479CE1C536CC600839DC7 /* Main.storyboard in Resources */ = {isa = PBXBuildFile; fileRef = 2CD479CC1C536CC600839DC7 /* Main.storyboard */; };
		2CD479D01C536CC600839DC7 /* Assets.xcassets in Resources */ = {isa = PBXBuildFile; fileRef = 2CD479CF1C536CC600839DC7 /* Assets.xcassets */; };
		2CD479D31C536CC600839DC7 /* LaunchScreen.storyboard in Resources */ = {isa = PBXBuildFile; fileRef = 2CD479D11C536CC600839DC7 /* LaunchScreen.storyboard */; };
		2CD479DE1C536CC700839DC7 /* MockingjaySampleTests.swift in Sources */ = {isa = PBXBuildFile; fileRef = 2CD479DD1C536CC700839DC7 /* MockingjaySampleTests.swift */; };
		B4A2CDAFB38E4B743C2DFE5C /* Pods_MockingjaySample.framework in Frameworks */ = {isa = PBXBuildFile; fileRef = 3FCF1A79F84743A365BAD797 /* Pods_MockingjaySample.framework */; };
/* End PBXBuildFile section */

/* Begin PBXContainerItemProxy section */
		2CD479DA1C536CC700839DC7 /* PBXContainerItemProxy */ = {
			isa = PBXContainerItemProxy;
			containerPortal = 2CD479BD1C536CC600839DC7 /* Project object */;
			proxyType = 1;
			remoteGlobalIDString = 2CD479C41C536CC600839DC7;
			remoteInfo = MockingjaySample;
		};
/* End PBXContainerItemProxy section */

/* Begin PBXFileReference section */
		26B734D48BEC9B4E7B004BAA /* Pods-MockingjaySampleTests.release.xcconfig */ = {isa = PBXFileReference; includeInIndex = 1; lastKnownFileType = text.xcconfig; name = "Pods-MockingjaySampleTests.release.xcconfig"; path = "Pods/Target Support Files/Pods-MockingjaySampleTests/Pods-MockingjaySampleTests.release.xcconfig"; sourceTree = "<group>"; };
		2CD479C51C536CC600839DC7 /* MockingjaySample.app */ = {isa = PBXFileReference; explicitFileType = wrapper.application; includeInIndex = 0; path = MockingjaySample.app; sourceTree = BUILT_PRODUCTS_DIR; };
		2CD479C81C536CC600839DC7 /* AppDelegate.swift */ = {isa = PBXFileReference; lastKnownFileType = sourcecode.swift; path = AppDelegate.swift; sourceTree = "<group>"; };
		2CD479CA1C536CC600839DC7 /* ViewController.swift */ = {isa = PBXFileReference; lastKnownFileType = sourcecode.swift; path = ViewController.swift; sourceTree = "<group>"; };
		2CD479CD1C536CC600839DC7 /* Base */ = {isa = PBXFileReference; lastKnownFileType = file.storyboard; name = Base; path = Base.lproj/Main.storyboard; sourceTree = "<group>"; };
		2CD479CF1C536CC600839DC7 /* Assets.xcassets */ = {isa = PBXFileReference; lastKnownFileType = folder.assetcatalog; path = Assets.xcassets; sourceTree = "<group>"; };
		2CD479D21C536CC600839DC7 /* Base */ = {isa = PBXFileReference; lastKnownFileType = file.storyboard; name = Base; path = Base.lproj/LaunchScreen.storyboard; sourceTree = "<group>"; };
		2CD479D41C536CC600839DC7 /* Info.plist */ = {isa = PBXFileReference; lastKnownFileType = text.plist.xml; path = Info.plist; sourceTree = "<group>"; };
		2CD479D91C536CC700839DC7 /* MockingjaySampleTests.xctest */ = {isa = PBXFileReference; explicitFileType = wrapper.cfbundle; includeInIndex = 0; path = MockingjaySampleTests.xctest; sourceTree = BUILT_PRODUCTS_DIR; };
		2CD479DD1C536CC700839DC7 /* MockingjaySampleTests.swift */ = {isa = PBXFileReference; lastKnownFileType = sourcecode.swift; path = MockingjaySampleTests.swift; sourceTree = "<group>"; };
		2CD479DF1C536CC700839DC7 /* Info.plist */ = {isa = PBXFileReference; lastKnownFileType = text.plist.xml; path = Info.plist; sourceTree = "<group>"; };
		3FCF1A79F84743A365BAD797 /* Pods_MockingjaySample.framework */ = {isa = PBXFileReference; explicitFileType = wrapper.framework; includeInIndex = 0; path = Pods_MockingjaySample.framework; sourceTree = BUILT_PRODUCTS_DIR; };
		79CA3D6D4E87B93C7F63F6A7 /* Pods-MockingjaySampleTests.debug.xcconfig */ = {isa = PBXFileReference; includeInIndex = 1; lastKnownFileType = text.xcconfig; name = "Pods-MockingjaySampleTests.debug.xcconfig"; path = "Pods/Target Support Files/Pods-MockingjaySampleTests/Pods-MockingjaySampleTests.debug.xcconfig"; sourceTree = "<group>"; };
		C89EDF2D9E5716C57359997E /* Pods_MockingjaySampleTests.framework */ = {isa = PBXFileReference; explicitFileType = wrapper.framework; includeInIndex = 0; path = Pods_MockingjaySampleTests.framework; sourceTree = BUILT_PRODUCTS_DIR; };
		D4B73A13AB1598F0851F9E2E /* Pods-MockingjaySample.release.xcconfig */ = {isa = PBXFileReference; includeInIndex = 1; lastKnownFileType = text.xcconfig; name = "Pods-MockingjaySample.release.xcconfig"; path = "Pods/Target Support Files/Pods-MockingjaySample/Pods-MockingjaySample.release.xcconfig"; sourceTree = "<group>"; };
		FD09A0894BFAF7B39FBDCAD6 /* Pods-MockingjaySample.debug.xcconfig */ = {isa = PBXFileReference; includeInIndex = 1; lastKnownFileType = text.xcconfig; name = "Pods-MockingjaySample.debug.xcconfig"; path = "Pods/Target Support Files/Pods-MockingjaySample/Pods-MockingjaySample.debug.xcconfig"; sourceTree = "<group>"; };
/* End PBXFileReference section */

/* Begin PBXFrameworksBuildPhase section */
		2CD479C21C536CC600839DC7 /* Frameworks */ = {
			isa = PBXFrameworksBuildPhase;
			buildActionMask = 2147483647;
			files = (
				B4A2CDAFB38E4B743C2DFE5C /* Pods_MockingjaySample.framework in Frameworks */,
			);
			runOnlyForDeploymentPostprocessing = 0;
		};
		2CD479D61C536CC700839DC7 /* Frameworks */ = {
			isa = PBXFrameworksBuildPhase;
			buildActionMask = 2147483647;
			files = (
				10EFADC106153899887FE778 /* Pods_MockingjaySampleTests.framework in Frameworks */,
			);
			runOnlyForDeploymentPostprocessing = 0;
		};
/* End PBXFrameworksBuildPhase section */

/* Begin PBXGroup section */
		2CD479BC1C536CC600839DC7 = {
			isa = PBXGroup;
			children = (
				2CD479C71C536CC600839DC7 /* MockingjaySample */,
				2CD479DC1C536CC700839DC7 /* MockingjaySampleTests */,
				2CD479C61C536CC600839DC7 /* Products */,
				5E9F605A57435C22A8E1E540 /* Pods */,
				EFCC4B4A5B3DC5C1B39B8FAF /* Frameworks */,
			);
			sourceTree = "<group>";
		};
		2CD479C61C536CC600839DC7 /* Products */ = {
			isa = PBXGroup;
			children = (
				2CD479C51C536CC600839DC7 /* MockingjaySample.app */,
				2CD479D91C536CC700839DC7 /* MockingjaySampleTests.xctest */,
			);
			name = Products;
			sourceTree = "<group>";
		};
		2CD479C71C536CC600839DC7 /* MockingjaySample */ = {
			isa = PBXGroup;
			children = (
				2CD479C81C536CC600839DC7 /* AppDelegate.swift */,
				2CD479CA1C536CC600839DC7 /* ViewController.swift */,
				2CD479CC1C536CC600839DC7 /* Main.storyboard */,
				2CD479CF1C536CC600839DC7 /* Assets.xcassets */,
				2CD479D11C536CC600839DC7 /* LaunchScreen.storyboard */,
				2CD479D41C536CC600839DC7 /* Info.plist */,
			);
			path = MockingjaySample;
			sourceTree = "<group>";
		};
		2CD479DC1C536CC700839DC7 /* MockingjaySampleTests */ = {
			isa = PBXGroup;
			children = (
				2CD479DD1C536CC700839DC7 /* MockingjaySampleTests.swift */,
				2CD479DF1C536CC700839DC7 /* Info.plist */,
			);
			path = MockingjaySampleTests;
			sourceTree = "<group>";
		};
		5E9F605A57435C22A8E1E540 /* Pods */ = {
			isa = PBXGroup;
			children = (
				FD09A0894BFAF7B39FBDCAD6 /* Pods-MockingjaySample.debug.xcconfig */,
				D4B73A13AB1598F0851F9E2E /* Pods-MockingjaySample.release.xcconfig */,
				79CA3D6D4E87B93C7F63F6A7 /* Pods-MockingjaySampleTests.debug.xcconfig */,
				26B734D48BEC9B4E7B004BAA /* Pods-MockingjaySampleTests.release.xcconfig */,
			);
			name = Pods;
			sourceTree = "<group>";
		};
		EFCC4B4A5B3DC5C1B39B8FAF /* Frameworks */ = {
			isa = PBXGroup;
			children = (
				3FCF1A79F84743A365BAD797 /* Pods_MockingjaySample.framework */,
				C89EDF2D9E5716C57359997E /* Pods_MockingjaySampleTests.framework */,
			);
			name = Frameworks;
			sourceTree = "<group>";
		};
/* End PBXGroup section */

/* Begin PBXNativeTarget section */
		2CD479C41C536CC600839DC7 /* MockingjaySample */ = {
			isa = PBXNativeTarget;
			buildConfigurationList = 2CD479E21C536CC700839DC7 /* Build configuration list for PBXNativeTarget "MockingjaySample" */;
			buildPhases = (
				E08F8449CB39FB85D735BC0E /* Check Pods Manifest.lock */,
				2CD479C11C536CC600839DC7 /* Sources */,
				2CD479C21C536CC600839DC7 /* Frameworks */,
				2CD479C31C536CC600839DC7 /* Resources */,
				0FF7B755372D5FB4844500EA /* Embed Pods Frameworks */,
				4D092FA8F07B7C79D3FA8CD8 /* Copy Pods Resources */,
			);
			buildRules = (
			);
			dependencies = (
			);
			name = MockingjaySample;
			productName = MockingjaySample;
			productReference = 2CD479C51C536CC600839DC7 /* MockingjaySample.app */;
			productType = "com.apple.product-type.application";
		};
		2CD479D81C536CC700839DC7 /* MockingjaySampleTests */ = {
			isa = PBXNativeTarget;
			buildConfigurationList = 2CD479E51C536CC700839DC7 /* Build configuration list for PBXNativeTarget "MockingjaySampleTests" */;
			buildPhases = (
				F55F085C1F93C4368F40A4B1 /* Check Pods Manifest.lock */,
				2CD479D51C536CC700839DC7 /* Sources */,
				2CD479D61C536CC700839DC7 /* Frameworks */,
				2CD479D71C536CC700839DC7 /* Resources */,
				5EE47EB51AA4E8D29613E1DA /* Embed Pods Frameworks */,
				0BC46397FB6289083DF8C2C3 /* Copy Pods Resources */,
			);
			buildRules = (
			);
			dependencies = (
				2CD479DB1C536CC700839DC7 /* PBXTargetDependency */,
			);
			name = MockingjaySampleTests;
			productName = MockingjaySampleTests;
			productReference = 2CD479D91C536CC700839DC7 /* MockingjaySampleTests.xctest */;
			productType = "com.apple.product-type.bundle.unit-test";
		};
/* End PBXNativeTarget section */

/* Begin PBXProject section */
		2CD479BD1C536CC600839DC7 /* Project object */ = {
			isa = PBXProject;
			attributes = {
				LastSwiftUpdateCheck = 0720;
				LastUpgradeCheck = 0720;
				ORGANIZATIONNAME = niji;
				TargetAttributes = {
					2CD479C41C536CC600839DC7 = {
						CreatedOnToolsVersion = 7.2;
						DevelopmentTeam = 5K55PQ8BSJ;
					};
					2CD479D81C536CC700839DC7 = {
						CreatedOnToolsVersion = 7.2;
						DevelopmentTeam = 5K55PQ8BSJ;
						TestTargetID = 2CD479C41C536CC600839DC7;
					};
				};
			};
			buildConfigurationList = 2CD479C01C536CC600839DC7 /* Build configuration list for PBXProject "MockingjaySample" */;
			compatibilityVersion = "Xcode 3.2";
			developmentRegion = English;
			hasScannedForEncodings = 0;
			knownRegions = (
				en,
				Base,
			);
			mainGroup = 2CD479BC1C536CC600839DC7;
			productRefGroup = 2CD479C61C536CC600839DC7 /* Products */;
			projectDirPath = "";
			projectRoot = "";
			targets = (
				2CD479C41C536CC600839DC7 /* MockingjaySample */,
				2CD479D81C536CC700839DC7 /* MockingjaySampleTests */,
			);
		};
/* End PBXProject section */

/* Begin PBXResourcesBuildPhase section */
		2CD479C31C536CC600839DC7 /* Resources */ = {
			isa = PBXResourcesBuildPhase;
			buildActionMask = 2147483647;
			files = (
				2CD479D31C536CC600839DC7 /* LaunchScreen.storyboard in Resources */,
				2CD479D01C536CC600839DC7 /* Assets.xcassets in Resources */,
				2CD479CE1C536CC600839DC7 /* Main.storyboard in Resources */,
			);
			runOnlyForDeploymentPostprocessing = 0;
		};
		2CD479D71C536CC700839DC7 /* Resources */ = {
			isa = PBXResourcesBuildPhase;
			buildActionMask = 2147483647;
			files = (
			);
			runOnlyForDeploymentPostprocessing = 0;
		};
/* End PBXResourcesBuildPhase section */

/* Begin PBXShellScriptBuildPhase section */
		0BC46397FB6289083DF8C2C3 /* Copy Pods Resources */ = {
			isa = PBXShellScriptBuildPhase;
			buildActionMask = 2147483647;
			files = (
			);
			inputPaths = (
			);
			name = "Copy Pods Resources";
			outputPaths = (
			);
			runOnlyForDeploymentPostprocessing = 0;
			shellPath = /bin/sh;
			shellScript = "\"${SRCROOT}/Pods/Target Support Files/Pods-MockingjaySampleTests/Pods-MockingjaySampleTests-resources.sh\"\n";
			showEnvVarsInLog = 0;
		};
		0FF7B755372D5FB4844500EA /* Embed Pods Frameworks */ = {
			isa = PBXShellScriptBuildPhase;
			buildActionMask = 2147483647;
			files = (
			);
			inputPaths = (
			);
			name = "Embed Pods Frameworks";
			outputPaths = (
			);
			runOnlyForDeploymentPostprocessing = 0;
			shellPath = /bin/sh;
			shellScript = "\"${SRCROOT}/Pods/Target Support Files/Pods-MockingjaySample/Pods-MockingjaySample-frameworks.sh\"\n";
			showEnvVarsInLog = 0;
		};
		4D092FA8F07B7C79D3FA8CD8 /* Copy Pods Resources */ = {
			isa = PBXShellScriptBuildPhase;
			buildActionMask = 2147483647;
			files = (
			);
			inputPaths = (
			);
			name = "Copy Pods Resources";
			outputPaths = (
			);
			runOnlyForDeploymentPostprocessing = 0;
			shellPath = /bin/sh;
			shellScript = "\"${SRCROOT}/Pods/Target Support Files/Pods-MockingjaySample/Pods-MockingjaySample-resources.sh\"\n";
			showEnvVarsInLog = 0;
		};
		5EE47EB51AA4E8D29613E1DA /* Embed Pods Frameworks */ = {
			isa = PBXShellScriptBuildPhase;
			buildActionMask = 2147483647;
			files = (
			);
			inputPaths = (
			);
			name = "Embed Pods Frameworks";
			outputPaths = (
			);
			runOnlyForDeploymentPostprocessing = 0;
			shellPath = /bin/sh;
			shellScript = "\"${SRCROOT}/Pods/Target Support Files/Pods-MockingjaySampleTests/Pods-MockingjaySampleTests-frameworks.sh\"\n";
			showEnvVarsInLog = 0;
		};
		E08F8449CB39FB85D735BC0E /* Check Pods Manifest.lock */ = {
			isa = PBXShellScriptBuildPhase;
			buildActionMask = 2147483647;
			files = (
			);
			inputPaths = (
			);
			name = "Check Pods Manifest.lock";
			outputPaths = (
			);
			runOnlyForDeploymentPostprocessing = 0;
			shellPath = /bin/sh;
			shellScript = "diff \"${PODS_ROOT}/../Podfile.lock\" \"${PODS_ROOT}/Manifest.lock\" > /dev/null\nif [[ $? != 0 ]] ; then\n    cat << EOM\nerror: The sandbox is not in sync with the Podfile.lock. Run 'pod install' or update your CocoaPods installation.\nEOM\n    exit 1\nfi\n";
			showEnvVarsInLog = 0;
		};
		F55F085C1F93C4368F40A4B1 /* Check Pods Manifest.lock */ = {
			isa = PBXShellScriptBuildPhase;
			buildActionMask = 2147483647;
			files = (
			);
			inputPaths = (
			);
			name = "Check Pods Manifest.lock";
			outputPaths = (
			);
			runOnlyForDeploymentPostprocessing = 0;
			shellPath = /bin/sh;
			shellScript = "diff \"${PODS_ROOT}/../Podfile.lock\" \"${PODS_ROOT}/Manifest.lock\" > /dev/null\nif [[ $? != 0 ]] ; then\n    cat << EOM\nerror: The sandbox is not in sync with the Podfile.lock. Run 'pod install' or update your CocoaPods installation.\nEOM\n    exit 1\nfi\n";
			showEnvVarsInLog = 0;
		};
/* End PBXShellScriptBuildPhase section */

/* Begin PBXSourcesBuildPhase section */
		2CD479C11C536CC600839DC7 /* Sources */ = {
			isa = PBXSourcesBuildPhase;
			buildActionMask = 2147483647;
			files = (
				2CD479CB1C536CC600839DC7 /* ViewController.swift in Sources */,
				2CD479C91C536CC600839DC7 /* AppDelegate.swift in Sources */,
			);
			runOnlyForDeploymentPostprocessing = 0;
		};
		2CD479D51C536CC700839DC7 /* Sources */ = {
			isa = PBXSourcesBuildPhase;
			buildActionMask = 2147483647;
			files = (
				2CD479DE1C536CC700839DC7 /* MockingjaySampleTests.swift in Sources */,
			);
			runOnlyForDeploymentPostprocessing = 0;
		};
/* End PBXSourcesBuildPhase section */

/* Begin PBXTargetDependency section */
		2CD479DB1C536CC700839DC7 /* PBXTargetDependency */ = {
			isa = PBXTargetDependency;
			target = 2CD479C41C536CC600839DC7 /* MockingjaySample */;
			targetProxy = 2CD479DA1C536CC700839DC7 /* PBXContainerItemProxy */;
		};
/* End PBXTargetDependency section */

/* Begin PBXVariantGroup section */
		2CD479CC1C536CC600839DC7 /* Main.storyboard */ = {
			isa = PBXVariantGroup;
			children = (
				2CD479CD1C536CC600839DC7 /* Base */,
			);
			name = Main.storyboard;
			sourceTree = "<group>";
		};
		2CD479D11C536CC600839DC7 /* LaunchScreen.storyboard */ = {
			isa = PBXVariantGroup;
			children = (
				2CD479D21C536CC600839DC7 /* Base */,
			);
			name = LaunchScreen.storyboard;
			sourceTree = "<group>";
		};
/* End PBXVariantGroup section */

/* Begin XCBuildConfiguration section */
		2CD479E01C536CC700839DC7 /* Debug */ = {
			isa = XCBuildConfiguration;
			buildSettings = {
				ALWAYS_SEARCH_USER_PATHS = NO;
				CLANG_CXX_LANGUAGE_STANDARD = "gnu++0x";
				CLANG_CXX_LIBRARY = "libc++";
				CLANG_ENABLE_MODULES = YES;
				CLANG_ENABLE_OBJC_ARC = YES;
				CLANG_WARN_BOOL_CONVERSION = YES;
				CLANG_WARN_CONSTANT_CONVERSION = YES;
				CLANG_WARN_DIRECT_OBJC_ISA_USAGE = YES_ERROR;
				CLANG_WARN_EMPTY_BODY = YES;
				CLANG_WARN_ENUM_CONVERSION = YES;
				CLANG_WARN_INT_CONVERSION = YES;
				CLANG_WARN_OBJC_ROOT_CLASS = YES_ERROR;
				CLANG_WARN_UNREACHABLE_CODE = YES;
				CLANG_WARN__DUPLICATE_METHOD_MATCH = YES;
				"CODE_SIGN_IDENTITY[sdk=iphoneos*]" = "iPhone Developer";
				COPY_PHASE_STRIP = NO;
				DEBUG_INFORMATION_FORMAT = dwarf;
				ENABLE_STRICT_OBJC_MSGSEND = YES;
				ENABLE_TESTABILITY = YES;
				GCC_C_LANGUAGE_STANDARD = gnu99;
				GCC_DYNAMIC_NO_PIC = NO;
				GCC_NO_COMMON_BLOCKS = YES;
				GCC_OPTIMIZATION_LEVEL = 0;
				GCC_PREPROCESSOR_DEFINITIONS = (
					"DEBUG=1",
					"$(inherited)",
				);
				GCC_WARN_64_TO_32_BIT_CONVERSION = YES;
				GCC_WARN_ABOUT_RETURN_TYPE = YES_ERROR;
				GCC_WARN_UNDECLARED_SELECTOR = YES;
				GCC_WARN_UNINITIALIZED_AUTOS = YES_AGGRESSIVE;
				GCC_WARN_UNUSED_FUNCTION = YES;
				GCC_WARN_UNUSED_VARIABLE = YES;
				IPHONEOS_DEPLOYMENT_TARGET = 9.2;
				MTL_ENABLE_DEBUG_INFO = YES;
				ONLY_ACTIVE_ARCH = YES;
				SDKROOT = iphoneos;
				SWIFT_OPTIMIZATION_LEVEL = "-Onone";
			};
			name = Debug;
		};
		2CD479E11C536CC700839DC7 /* Release */ = {
			isa = XCBuildConfiguration;
			buildSettings = {
				ALWAYS_SEARCH_USER_PATHS = NO;
				CLANG_CXX_LANGUAGE_STANDARD = "gnu++0x";
				CLANG_CXX_LIBRARY = "libc++";
				CLANG_ENABLE_MODULES = YES;
				CLANG_ENABLE_OBJC_ARC = YES;
				CLANG_WARN_BOOL_CONVERSION = YES;
				CLANG_WARN_CONSTANT_CONVERSION = YES;
				CLANG_WARN_DIRECT_OBJC_ISA_USAGE = YES_ERROR;
				CLANG_WARN_EMPTY_BODY = YES;
				CLANG_WARN_ENUM_CONVERSION = YES;
				CLANG_WARN_INT_CONVERSION = YES;
				CLANG_WARN_OBJC_ROOT_CLASS = YES_ERROR;
				CLANG_WARN_UNREACHABLE_CODE = YES;
				CLANG_WARN__DUPLICATE_METHOD_MATCH = YES;
				"CODE_SIGN_IDENTITY[sdk=iphoneos*]" = "iPhone Developer";
				COPY_PHASE_STRIP = NO;
				DEBUG_INFORMATION_FORMAT = "dwarf-with-dsym";
				ENABLE_NS_ASSERTIONS = NO;
				ENABLE_STRICT_OBJC_MSGSEND = YES;
				GCC_C_LANGUAGE_STANDARD = gnu99;
				GCC_NO_COMMON_BLOCKS = YES;
				GCC_WARN_64_TO_32_BIT_CONVERSION = YES;
				GCC_WARN_ABOUT_RETURN_TYPE = YES_ERROR;
				GCC_WARN_UNDECLARED_SELECTOR = YES;
				GCC_WARN_UNINITIALIZED_AUTOS = YES_AGGRESSIVE;
				GCC_WARN_UNUSED_FUNCTION = YES;
				GCC_WARN_UNUSED_VARIABLE = YES;
				IPHONEOS_DEPLOYMENT_TARGET = 9.2;
				MTL_ENABLE_DEBUG_INFO = NO;
				SDKROOT = iphoneos;
				VALIDATE_PRODUCT = YES;
			};
			name = Release;
		};
		2CD479E31C536CC700839DC7 /* Debug */ = {
			isa = XCBuildConfiguration;
			baseConfigurationReference = FD09A0894BFAF7B39FBDCAD6 /* Pods-MockingjaySample.debug.xcconfig */;
			buildSettings = {
				ASSETCATALOG_COMPILER_APPICON_NAME = AppIcon;
				INFOPLIST_FILE = MockingjaySample/Info.plist;
				LD_RUNPATH_SEARCH_PATHS = "$(inherited) @executable_path/Frameworks";
				PRODUCT_BUNDLE_IDENTIFIER = swift.MockingjaySample;
				PRODUCT_NAME = "$(TARGET_NAME)";
			};
			name = Debug;
		};
		2CD479E41C536CC700839DC7 /* Release */ = {
			isa = XCBuildConfiguration;
			baseConfigurationReference = D4B73A13AB1598F0851F9E2E /* Pods-MockingjaySample.release.xcconfig */;
			buildSettings = {
				ASSETCATALOG_COMPILER_APPICON_NAME = AppIcon;
				INFOPLIST_FILE = MockingjaySample/Info.plist;
				LD_RUNPATH_SEARCH_PATHS = "$(inherited) @executable_path/Frameworks";
				PRODUCT_BUNDLE_IDENTIFIER = swift.MockingjaySample;
				PRODUCT_NAME = "$(TARGET_NAME)";
			};
			name = Release;
		};
		2CD479E61C536CC700839DC7 /* Debug */ = {
			isa = XCBuildConfiguration;
			baseConfigurationReference = 79CA3D6D4E87B93C7F63F6A7 /* Pods-MockingjaySampleTests.debug.xcconfig */;
			buildSettings = {
				BUNDLE_LOADER = "$(TEST_HOST)";
				INFOPLIST_FILE = MockingjaySampleTests/Info.plist;
				LD_RUNPATH_SEARCH_PATHS = "$(inherited) @executable_path/Frameworks @loader_path/Frameworks";
				PRODUCT_BUNDLE_IDENTIFIER = swift.MockingjaySampleTests;
				PRODUCT_NAME = "$(TARGET_NAME)";
				TEST_HOST = "$(BUILT_PRODUCTS_DIR)/MockingjaySample.app/MockingjaySample";
			};
			name = Debug;
		};
		2CD479E71C536CC700839DC7 /* Release */ = {
			isa = XCBuildConfiguration;
			baseConfigurationReference = 26B734D48BEC9B4E7B004BAA /* Pods-MockingjaySampleTests.release.xcconfig */;
			buildSettings = {
				BUNDLE_LOADER = "$(TEST_HOST)";
				INFOPLIST_FILE = MockingjaySampleTests/Info.plist;
				LD_RUNPATH_SEARCH_PATHS = "$(inherited) @executable_path/Frameworks @loader_path/Frameworks";
				PRODUCT_BUNDLE_IDENTIFIER = swift.MockingjaySampleTests;
				PRODUCT_NAME = "$(TARGET_NAME)";
				TEST_HOST = "$(BUILT_PRODUCTS_DIR)/MockingjaySample.app/MockingjaySample";
			};
			name = Release;
		};
/* End XCBuildConfiguration section */

/* Begin XCConfigurationList section */
		2CD479C01C536CC600839DC7 /* Build configuration list for PBXProject "MockingjaySample" */ = {
			isa = XCConfigurationList;
			buildConfigurations = (
				2CD479E01C536CC700839DC7 /* Debug */,
				2CD479E11C536CC700839DC7 /* Release */,
			);
			defaultConfigurationIsVisible = 0;
			defaultConfigurationName = Release;
		};
		2CD479E21C536CC700839DC7 /* Build configuration list for PBXNativeTarget "MockingjaySample" */ = {
			isa = XCConfigurationList;
			buildConfigurations = (
				2CD479E31C536CC700839DC7 /* Debug */,
				2CD479E41C536CC700839DC7 /* Release */,
			);
			defaultConfigurationIsVisible = 0;
			defaultConfigurationName = Release;
		};
		2CD479E51C536CC700839DC7 /* Build configuration list for PBXNativeTarget "MockingjaySampleTests" */ = {
			isa = XCConfigurationList;
			buildConfigurations = (
				2CD479E61C536CC700839DC7 /* Debug */,
				2CD479E71C536CC700839DC7 /* Release */,
			);
			defaultConfigurationIsVisible = 0;
			defaultConfigurationName = Release;
		};
/* End XCConfigurationList section */
	};
	rootObject = 2CD479BD1C536CC600839DC7 /* Project object */;
}
